PODS:
  - Alamofire (4.3.0)
  - Backendless (3.0.44)
  - Bolts (1.8.4):
    - Bolts/AppLinks (= 1.8.4)
    - Bolts/Tasks (= 1.8.4)
  - Bolts/AppLinks (1.8.4):
    - Bolts/Tasks
  - Bolts/Tasks (1.8.4)
  - FBSDKCoreKit (4.19.0):
    - Bolts (~> 1.7)
  - FBSDKLoginKit (4.19.0):
    - FBSDKCoreKit
  - FBSDKShareKit (4.19.0):
    - FBSDKCoreKit
  - GoogleMaps (2.1.1):
    - GoogleMaps/Maps (= 2.1.1)
  - GoogleMaps/Base (2.1.1)
  - GoogleMaps/Maps (2.1.1):
    - GoogleMaps/Base
  - GooglePlacePicker (2.1.1):
    - GoogleMaps (= 2.1.1)
    - GooglePlaces (= 2.1.1)
  - GooglePlaces (2.1.1):
    - GoogleMaps/Base (= 2.1.1)
  - Hero (0.1.2)
  - PureLayout (3.0.2)
  - SwiftyJSON (3.1.4)

DEPENDENCIES:
  - Alamofire
  - Backendless
  - Bolts
  - FBSDKCoreKit
  - FBSDKLoginKit
  - FBSDKShareKit
  - GoogleMaps
  - GooglePlacePicker
  - GooglePlaces
  - Hero
  - PureLayout
  - SwiftyJSON

SPEC CHECKSUMS:
  Alamofire: 856a113053a7bc9cbe5d6367a555d773fc5cfef7
  Backendless: bd77ad90cbd16fbd85fda03b3659b46a2c8f3179
  Bolts: 8a7995239dbe724f9cba2248b766d48b7ebdd322
  FBSDKCoreKit: 894b2b6eda6a4c8c4204e92e59cc355709ef045c
  FBSDKLoginKit: 83ca4d8f12a2022570af9fd6aacf27f6b425b99f
  FBSDKShareKit: 5953758366278430dc322d5cdc906db361ed7f81
  GoogleMaps: a5b5bbe47734e2443bde781a6aa64e69fdb6d785
  GooglePlacePicker: 665f39f931f2df32f9dd3fcc45f7e8abf71e535c
  GooglePlaces: 35636d86e5020cba3856eb988c09a5491de0a65a
  Hero: 1465b8e2ca4224620d17d09044728dbbe5c08b7a
  PureLayout: 4d550abe49a94f24c2808b9b95db9131685fe4cd
  SwiftyJSON: c2842d878f95482ffceec5709abc3d05680c0220

PODFILE CHECKSUM: e0fc4bc59cf2c0f05bd8e03a39d9fd74c5175397

COCOAPODS: 1.1.1
