PODS:
  - Alamofire (4.2.0)
  - Backendless (3.0.44)
  - Bolts (1.8.4):
    - Bolts/AppLinks (= 1.8.4)
    - Bolts/Tasks (= 1.8.4)
  - Bolts/AppLinks (1.8.4):
    - Bolts/Tasks
  - Bolts/Tasks (1.8.4)
  - FBSDKCoreKit (4.14.0):
    - Bolts (~> 1.7)
  - FBSDKLoginKit (4.14.0):
    - FBSDKCoreKit
  - FBSDKShareKit (4.14.0):
    - FBSDKCoreKit
  - GoogleMaps (2.0.1):
    - GoogleMaps/Maps (= 2.0.1)
  - GoogleMaps/Base (2.0.1)
  - GoogleMaps/Maps (2.0.1):
    - GoogleMaps/Base (= 2.0.1)
  - GooglePlacePicker (2.0.1):
    - GoogleMaps (= 2.0.1)
    - GooglePlaces (= 2.0.1)
  - GooglePlaces (2.0.1):
    - GoogleMaps/Base (= 2.0.1)

DEPENDENCIES:
  - Alamofire
  - Backendless
  - Bolts
  - FBSDKCoreKit
  - FBSDKLoginKit
  - FBSDKShareKit
  - GoogleMaps
  - GooglePlacePicker
  - GooglePlaces

SPEC CHECKSUMS:
  Alamofire: aa2e09d871c9160ac53c90e83c68064a94e3dfbe
  Backendless: bd77ad90cbd16fbd85fda03b3659b46a2c8f3179
  Bolts: 8a7995239dbe724f9cba2248b766d48b7ebdd322
  FBSDKCoreKit: 6e020b5db0b5bd1e01f5fb0902131befd129a502
  FBSDKLoginKit: da563567a108050ef83739c8c8c001ee9e25fa13
  FBSDKShareKit: e8e5d4ccef69b41132fe33acda26db1e33143e33
  GoogleMaps: f09da64fc987c1aa29394567c3cab5a3df83c402
  GooglePlacePicker: e7b11b732e40dbe76e8ab4c5fc2f4a7c32b96578
  GooglePlaces: 72fab1d1651c6df0322f2aad245ffb15b80d3c56

PODFILE CHECKSUM: 5f79216dcef55d65faf9950561d9c037d90ef088

COCOAPODS: 1.1.1
